
Microsoft Visual Studio Solution File, Format Version 12.00
# Visual Studio Version 17
VisualStudioVersion = 17.6.33801.468
MinimumVisualStudioVersion = 10.0.40219.1
Project("{2150E333-8FDC-42A3-9474-1A3956D46DE8}") = "Solution Items", "Solution Items", "{EE986C4B-B6EB-48D2-817D-E5A18D5441FE}"
	ProjectSection(SolutionItems) = preProject
		.gitattributes = .gitattributes
		.gitignore = .gitignore
		README.md = README.md
	EndProjectSection
EndProject
Project("{9A19103F-16F7-4668-BE54-9A1E7A4F7556}") = "FunctionCommon", "common\FunctionCommon\FunctionCommon.csproj", "{A16BC3FE-737D-4CF9-9539-890CFFF1F98E}"
EndProject
Project("{9A19103F-16F7-4668-BE54-9A1E7A4F7556}") = "Net6InProcess", "net6InProcess\src\Net6InProcess\Net6InProcess.csproj", "{D7907DB5-107A-4AAA-8C7B-36659FF4AED8}"
EndProject
Project("{9A19103F-16F7-4668-BE54-9A1E7A4F7556}") = "Net7Isolated", "net7Isolated\src\Net7Isolated\Net7Isolated.csproj", "{D6688A1F-D6EC-44E3-B6CF-B865038E4507}"
EndProject
Project("{2150E333-8FDC-42A3-9474-1A3956D46DE8}") = "infra", "infra", "{BE763EA4-1163-4E1E-BF91-83F71E5CEE35}"
EndProject
Project("{2150E333-8FDC-42A3-9474-1A3956D46DE8}") = "net6InProcess", "net6InProcess", "{80ACC46F-51FF-4635-A899-B326040678DD}"
	ProjectSection(SolutionItems) = preProject
		net6InProcess\infra\app\main.bicep = net6InProcess\infra\app\main.bicep
	EndProjectSection
EndProject
Project("{2150E333-8FDC-42A3-9474-1A3956D46DE8}") = "net7Isolated", "net7Isolated", "{3E382237-F85F-4104-8CBB-493D6E51128C}"
	ProjectSection(SolutionItems) = preProject
		net7Isolated\infra\app\main.bicep = net7Isolated\infra\app\main.bicep
	EndProjectSection
EndProject
Project("{2150E333-8FDC-42A3-9474-1A3956D46DE8}") = "Modules", "Modules", "{3DE0B1B1-B813-47E1-93A3-465BD495DBDB}"
	ProjectSection(SolutionItems) = preProject
		net6InProcess\infra\app\Modules\functionapp.bicep = net6InProcess\infra\app\Modules\functionapp.bicep
	EndProjectSection
EndProject
Project("{2150E333-8FDC-42A3-9474-1A3956D46DE8}") = "Modules", "Modules", "{BEB1400B-A84A-45B4-8716-28E77E0B3C6C}"
	ProjectSection(SolutionItems) = preProject
		net7Isolated\infra\app\Modules\functionapp.bicep = net7Isolated\infra\app\Modules\functionapp.bicep
	EndProjectSection
EndProject
Global
	GlobalSection(SolutionConfigurationPlatforms) = preSolution
		Debug|Any CPU = Debug|Any CPU
		Release|Any CPU = Release|Any CPU
	EndGlobalSection
	GlobalSection(ProjectConfigurationPlatforms) = postSolution
		{A16BC3FE-737D-4CF9-9539-890CFFF1F98E}.Debug|Any CPU.ActiveCfg = Debug|Any CPU
		{A16BC3FE-737D-4CF9-9539-890CFFF1F98E}.Debug|Any CPU.Build.0 = Debug|Any CPU
		{A16BC3FE-737D-4CF9-9539-890CFFF1F98E}.Release|Any CPU.ActiveCfg = Release|Any CPU
		{A16BC3FE-737D-4CF9-9539-890CFFF1F98E}.Release|Any CPU.Build.0 = Release|Any CPU
		{D7907DB5-107A-4AAA-8C7B-36659FF4AED8}.Debug|Any CPU.ActiveCfg = Debug|Any CPU
		{D7907DB5-107A-4AAA-8C7B-36659FF4AED8}.Debug|Any CPU.Build.0 = Debug|Any CPU
		{D7907DB5-107A-4AAA-8C7B-36659FF4AED8}.Release|Any CPU.ActiveCfg = Release|Any CPU
		{D7907DB5-107A-4AAA-8C7B-36659FF4AED8}.Release|Any CPU.Build.0 = Release|Any CPU
		{D6688A1F-D6EC-44E3-B6CF-B865038E4507}.Debug|Any CPU.ActiveCfg = Debug|Any CPU
		{D6688A1F-D6EC-44E3-B6CF-B865038E4507}.Debug|Any CPU.Build.0 = Debug|Any CPU
		{D6688A1F-D6EC-44E3-B6CF-B865038E4507}.Release|Any CPU.ActiveCfg = Release|Any CPU
		{D6688A1F-D6EC-44E3-B6CF-B865038E4507}.Release|Any CPU.Build.0 = Release|Any CPU
	EndGlobalSection
	GlobalSection(SolutionProperties) = preSolution
		HideSolutionNode = FALSE
	EndGlobalSection
	GlobalSection(NestedProjects) = preSolution
		{80ACC46F-51FF-4635-A899-B326040678DD} = {BE763EA4-1163-4E1E-BF91-83F71E5CEE35}
		{3E382237-F85F-4104-8CBB-493D6E51128C} = {BE763EA4-1163-4E1E-BF91-83F71E5CEE35}
		{3DE0B1B1-B813-47E1-93A3-465BD495DBDB} = {80ACC46F-51FF-4635-A899-B326040678DD}
		{BEB1400B-A84A-45B4-8716-28E77E0B3C6C} = {3E382237-F85F-4104-8CBB-493D6E51128C}
	EndGlobalSection
	GlobalSection(ExtensibilityGlobals) = postSolution
		SolutionGuid = {F5DA699C-42CC-4634-9E31-75E2C54BE951}
	EndGlobalSection
EndGlobal
